
Microsoft Visual Studio Solution File, Format Version 12.00
# Visual Studio Version 16
VisualStudioVersion = 16.0.29503.13
MinimumVisualStudioVersion = 10.0.40219.1
Project("{9A19103F-16F7-4668-BE54-9A1E7A4F7556}") = "API", "API\API.csproj", "{FC717074-F3ED-491E-92FB-4AE891B90993}"
EndProject
Project("{9A19103F-16F7-4668-BE54-9A1E7A4F7556}") = "Infrastructure", "Infrastructure\Infrastructure.csproj", "{6F2D95AA-9CF7-4453-9D36-E425DC5AB384}"
EndProject
Project("{2150E333-8FDC-42A3-9474-1A3956D46DE8}") = "src", "src", "{0972311A-9A40-4E81-AC85-0DF311E8B4FD}"
EndProject
Global
	GlobalSection(SolutionConfigurationPlatforms) = preSolution
		Debug|Any CPU = Debug|Any CPU
		Release|Any CPU = Release|Any CPU
	EndGlobalSection
	GlobalSection(ProjectConfigurationPlatforms) = postSolution
		{FC717074-F3ED-491E-92FB-4AE891B90993}.Debug|Any CPU.ActiveCfg = Debug|Any CPU
		{FC717074-F3ED-491E-92FB-4AE891B90993}.Debug|Any CPU.Build.0 = Debug|Any CPU
		{FC717074-F3ED-491E-92FB-4AE891B90993}.Release|Any CPU.ActiveCfg = Release|Any CPU
		{FC717074-F3ED-491E-92FB-4AE891B90993}.Release|Any CPU.Build.0 = Release|Any CPU
		{6F2D95AA-9CF7-4453-9D36-E425DC5AB384}.Debug|Any CPU.ActiveCfg = Debug|Any CPU
		{6F2D95AA-9CF7-4453-9D36-E425DC5AB384}.Debug|Any CPU.Build.0 = Debug|Any CPU
		{6F2D95AA-9CF7-4453-9D36-E425DC5AB384}.Release|Any CPU.ActiveCfg = Release|Any CPU
		{6F2D95AA-9CF7-4453-9D36-E425DC5AB384}.Release|Any CPU.Build.0 = Release|Any CPU
	EndGlobalSection
	GlobalSection(SolutionProperties) = preSolution
		HideSolutionNode = FALSE
	EndGlobalSection
	GlobalSection(NestedProjects) = preSolution
		{FC717074-F3ED-491E-92FB-4AE891B90993} = {0972311A-9A40-4E81-AC85-0DF311E8B4FD}
		{6F2D95AA-9CF7-4453-9D36-E425DC5AB384} = {0972311A-9A40-4E81-AC85-0DF311E8B4FD}
	EndGlobalSection
	GlobalSection(ExtensibilityGlobals) = postSolution
		SolutionGuid = {2E3ED1FD-F51C-4BF4-BF36-5A8E4C3EB1BE}
	EndGlobalSection
EndGlobal
